
Microsoft Visual Studio Solution File, Format Version 12.00
# Visual Studio 15
VisualStudioVersion = 15.0.27428.2027
MinimumVisualStudioVersion = 10.0.40219.1
Project("{8BC9CEB8-8B4A-11D0-8D11-00A0C91BC942}") = "mux_flv", "mux_flv.vcxproj", "{347E043F-9EED-4C20-A21F-CF91E0842DCE}"
EndProject
Global
	GlobalSection(SolutionConfigurationPlatforms) = preSolution
		Debug|Win32 = Debug|Win32
		Release|Win32 = Release|Win32
	EndGlobalSection
	GlobalSection(ProjectConfigurationPlatforms) = postSolution
		{347E043F-9EED-4C20-A21F-CF91E0842DCE}.Debug|Win32.ActiveCfg = Debug|Win32
		{347E043F-9EED-4C20-A21F-CF91E0842DCE}.Debug|Win32.Build.0 = Debug|Win32
		{347E043F-9EED-4C20-A21F-CF91E0842DCE}.Release|Win32.ActiveCfg = Release|Win32
		{347E043F-9EED-4C20-A21F-CF91E0842DCE}.Release|Win32.Build.0 = Release|Win32
	EndGlobalSection
	GlobalSection(SolutionProperties) = preSolution
		HideSolutionNode = FALSE
	EndGlobalSection
	GlobalSection(ExtensibilityGlobals) = postSolution
		SolutionGuid = {6D63697F-1F9A-4179-8FE9-50A7F01F5D71}
	EndGlobalSection
EndGlobal
